
Microsoft Visual Studio Solution File, Format Version 12.00
# Visual Studio Version 16
VisualStudioVersion = 16.0.31321.278
MinimumVisualStudioVersion = 10.0.40219.1
Project("{9A19103F-16F7-4668-BE54-9A1E7A4F7556}") = "FFDConverter", "FFDConverter\FFDConverter.csproj", "{44C13259-8148-44D4-BFE7-F56D76E5E583}"
EndProject
Project("{FAE04EC0-301F-11D3-BF4B-00C04F79EFBC}") = "FFDConverterGUI", "FFDConverterGUI\FFDConverterGUI.csproj", "{4F1A80E1-7A5A-456B-8B34-AA4F011B676B}"
EndProject
Global
	GlobalSection(SolutionConfigurationPlatforms) = preSolution
		Debug|Any CPU = Debug|Any CPU
		Release|Any CPU = Release|Any CPU
	EndGlobalSection
	GlobalSection(ProjectConfigurationPlatforms) = postSolution
		{44C13259-8148-44D4-BFE7-F56D76E5E583}.Debug|Any CPU.ActiveCfg = Debug|Any CPU
		{44C13259-8148-44D4-BFE7-F56D76E5E583}.Debug|Any CPU.Build.0 = Debug|Any CPU
		{44C13259-8148-44D4-BFE7-F56D76E5E583}.Release|Any CPU.ActiveCfg = Release|Any CPU
		{44C13259-8148-44D4-BFE7-F56D76E5E583}.Release|Any CPU.Build.0 = Release|Any CPU
		{4F1A80E1-7A5A-456B-8B34-AA4F011B676B}.Debug|Any CPU.ActiveCfg = Debug|Any CPU
		{4F1A80E1-7A5A-456B-8B34-AA4F011B676B}.Debug|Any CPU.Build.0 = Debug|Any CPU
		{4F1A80E1-7A5A-456B-8B34-AA4F011B676B}.Release|Any CPU.ActiveCfg = Release|Any CPU
		{4F1A80E1-7A5A-456B-8B34-AA4F011B676B}.Release|Any CPU.Build.0 = Release|Any CPU
	EndGlobalSection
	GlobalSection(SolutionProperties) = preSolution
		HideSolutionNode = FALSE
	EndGlobalSection
	GlobalSection(ExtensibilityGlobals) = postSolution
		SolutionGuid = {915E0683-A994-47FE-ACD5-B84E631AF069}
	EndGlobalSection
EndGlobal
